
Microsoft Visual Studio Solution File, Format Version 12.00
# Visual Studio 15
VisualStudioVersion = 15.0.28307.852
MinimumVisualStudioVersion = 10.0.40219.1
Project("{FAE04EC0-301F-11D3-BF4B-00C04F79EFBC}") = "Employees.Contracts", "Employees.Contracts\Employees.Contracts.csproj", "{0C8263C4-90B8-4668-9081-8D25FA08CC96}"
EndProject
Global
	GlobalSection(SolutionConfigurationPlatforms) = preSolution
		Debug|Any CPU = Debug|Any CPU
		Release|Any CPU = Release|Any CPU
	EndGlobalSection
	GlobalSection(ProjectConfigurationPlatforms) = postSolution
		{0C8263C4-90B8-4668-9081-8D25FA08CC96}.Debug|Any CPU.ActiveCfg = Debug|Any CPU
		{0C8263C4-90B8-4668-9081-8D25FA08CC96}.Debug|Any CPU.Build.0 = Debug|Any CPU
		{0C8263C4-90B8-4668-9081-8D25FA08CC96}.Release|Any CPU.ActiveCfg = Release|Any CPU
		{0C8263C4-90B8-4668-9081-8D25FA08CC96}.Release|Any CPU.Build.0 = Release|Any CPU
	EndGlobalSection
	GlobalSection(SolutionProperties) = preSolution
		HideSolutionNode = FALSE
	EndGlobalSection
	GlobalSection(ExtensibilityGlobals) = postSolution
		SolutionGuid = {ADA742D5-5F36-45B1-AEB6-BFFC0CDF5BE8}
	EndGlobalSection
EndGlobal
